
Microsoft Visual Studio Solution File, Format Version 12.00
# Visual Studio Version 16
VisualStudioVersion = 16.0.31005.135
MinimumVisualStudioVersion = 10.0.40219.1
Project("{8BC9CEB8-8B4A-11D0-8D11-00A0C91BC942}") = "Week6", "Week6.vcxproj", "{EB0CE3BC-749A-4A4B-9315-DFB60FCF833F}"
EndProject
Global
	GlobalSection(SolutionConfigurationPlatforms) = preSolution
		Debug|x64 = Debug|x64
		Debug|x86 = Debug|x86
		Release|x64 = Release|x64
		Release|x86 = Release|x86
	EndGlobalSection
	GlobalSection(ProjectConfigurationPlatforms) = postSolution
		{EB0CE3BC-749A-4A4B-9315-DFB60FCF833F}.Debug|x64.ActiveCfg = Debug|x64
		{EB0CE3BC-749A-4A4B-9315-DFB60FCF833F}.Debug|x64.Build.0 = Debug|x64
		{EB0CE3BC-749A-4A4B-9315-DFB60FCF833F}.Debug|x86.ActiveCfg = Debug|Win32
		{EB0CE3BC-749A-4A4B-9315-DFB60FCF833F}.Debug|x86.Build.0 = Debug|Win32
		{EB0CE3BC-749A-4A4B-9315-DFB60FCF833F}.Release|x64.ActiveCfg = Release|x64
		{EB0CE3BC-749A-4A4B-9315-DFB60FCF833F}.Release|x64.Build.0 = Release|x64
		{EB0CE3BC-749A-4A4B-9315-DFB60FCF833F}.Release|x86.ActiveCfg = Release|Win32
		{EB0CE3BC-749A-4A4B-9315-DFB60FCF833F}.Release|x86.Build.0 = Release|Win32
	EndGlobalSection
	GlobalSection(SolutionProperties) = preSolution
		HideSolutionNode = FALSE
	EndGlobalSection
	GlobalSection(ExtensibilityGlobals) = postSolution
		SolutionGuid = {CA51AAB6-A097-44B9-8FB3-E3B22B0A80E2}
	EndGlobalSection
EndGlobal
